
Microsoft Visual Studio Solution File, Format Version 12.00
# Visual Studio Version 17
VisualStudioVersion = 17.4.33213.308
MinimumVisualStudioVersion = 10.0.40219.1
Project("{FAE04EC0-301F-11D3-BF4B-00C04F79EFBC}") = "CreatingSparklineChart", "CreatingSparklineChart.csproj", "{81E0C0CC-4281-41A5-BA44-5D87083EA344}"
EndProject
Global
	GlobalSection(SolutionConfigurationPlatforms) = preSolution
		Debug|Any CPU = Debug|Any CPU
		Release|Any CPU = Release|Any CPU
	EndGlobalSection
	GlobalSection(ProjectConfigurationPlatforms) = postSolution
		{81E0C0CC-4281-41A5-BA44-5D87083EA344}.Debug|Any CPU.ActiveCfg = Debug|Any CPU
		{81E0C0CC-4281-41A5-BA44-5D87083EA344}.Debug|Any CPU.Build.0 = Debug|Any CPU
		{81E0C0CC-4281-41A5-BA44-5D87083EA344}.Release|Any CPU.ActiveCfg = Release|Any CPU
		{81E0C0CC-4281-41A5-BA44-5D87083EA344}.Release|Any CPU.Build.0 = Release|Any CPU
	EndGlobalSection
	GlobalSection(SolutionProperties) = preSolution
		HideSolutionNode = FALSE
	EndGlobalSection
	GlobalSection(ExtensibilityGlobals) = postSolution
		SolutionGuid = {12FA3357-A0AB-4AE7-83E1-86781C6FB905}
	EndGlobalSection
EndGlobal
